
Microsoft Visual Studio Solution File, Format Version 12.00
# Visual Studio Version 17
VisualStudioVersion = 17.7.34024.191
MinimumVisualStudioVersion = 10.0.40219.1
Project("{2150E333-8FDC-42A3-9474-1A3956D46DE8}") = "Source", "Source", "{3696AA42-8E8E-4924-98CB-1EBFDA2767DE}"
EndProject
Project("{2150E333-8FDC-42A3-9474-1A3956D46DE8}") = "Platforms", "Platforms", "{295F23BE-E9F7-48DF-B40F-2B3E494D1BB2}"
EndProject
Project("{9A19103F-16F7-4668-BE54-9A1E7A4F7556}") = "WorkshopConcordia", "WorkshopConcordia\WorkshopConcordia.csproj", "{1128C750-336E-4FD7-ADEC-B1711EB21548}"
EndProject
Project("{9A19103F-16F7-4668-BE54-9A1E7A4F7556}") = "WorkshopConcordia.Base", "WorkshopConcordia.Base\WorkshopConcordia.Base.csproj", "{75964E3A-A354-4E5E-8A81-ECC665BA9F97}"
EndProject
Project("{9A19103F-16F7-4668-BE54-9A1E7A4F7556}") = "WorkshopConcordia.Mobile", "WorkshopConcordia.Mobile\WorkshopConcordia.Mobile.csproj", "{C065E26D-85A4-45D6-9FE8-3947BBAA0823}"
EndProject
Project("{9A19103F-16F7-4668-BE54-9A1E7A4F7556}") = "WorkshopConcordia.Windows", "WorkshopConcordia.Windows\WorkshopConcordia.Windows.csproj", "{9CFCEBB2-FE87-471A-84DE-BAD522D7F44F}"
EndProject
Project("{9A19103F-16F7-4668-BE54-9A1E7A4F7556}") = "WorkshopConcordia.Wasm", "WorkshopConcordia.Wasm\WorkshopConcordia.Wasm.csproj", "{EF9252DC-63AE-46DF-9EF6-F3613296763A}"
EndProject
Project("{9A19103F-16F7-4668-BE54-9A1E7A4F7556}") = "WorkshopConcordia.Skia.Gtk", "WorkshopConcordia.Skia.Gtk\WorkshopConcordia.Skia.Gtk.csproj", "{2362E06A-A372-4BE2-B90E-3C220EE960DC}"
EndProject
Project("{2150E333-8FDC-42A3-9474-1A3956D46DE8}") = "Solution Items", "Solution Items", "{121BE44E-498C-4EAD-8206-7DD8AA8523FB}"
	ProjectSection(SolutionItems) = preProject
		.gitignore = .gitignore
		Directory.Build.props = Directory.Build.props
		Directory.Build.targets = Directory.Build.targets
		Directory.Packages.props = Directory.Packages.props
		solution-config.props.sample = solution-config.props.sample
	EndProjectSection
EndProject
Global
	GlobalSection(SolutionConfigurationPlatforms) = preSolution
		Debug|Any CPU = Debug|Any CPU
		Debug|arm64 = Debug|arm64
		Debug|x64 = Debug|x64
		Debug|x86 = Debug|x86
		Release|Any CPU = Release|Any CPU
		Release|arm64 = Release|arm64
		Release|x64 = Release|x64
		Release|x86 = Release|x86
	EndGlobalSection
	GlobalSection(ProjectConfigurationPlatforms) = postSolution
		{1128C750-336E-4FD7-ADEC-B1711EB21548}.Debug|Any CPU.ActiveCfg = Debug|Any CPU
		{1128C750-336E-4FD7-ADEC-B1711EB21548}.Debug|Any CPU.Build.0 = Debug|Any CPU
		{1128C750-336E-4FD7-ADEC-B1711EB21548}.Debug|arm64.ActiveCfg = Debug|Any CPU
		{1128C750-336E-4FD7-ADEC-B1711EB21548}.Debug|arm64.Build.0 = Debug|Any CPU
		{1128C750-336E-4FD7-ADEC-B1711EB21548}.Debug|x64.ActiveCfg = Debug|Any CPU
		{1128C750-336E-4FD7-ADEC-B1711EB21548}.Debug|x64.Build.0 = Debug|Any CPU
		{1128C750-336E-4FD7-ADEC-B1711EB21548}.Debug|x86.ActiveCfg = Debug|Any CPU
		{1128C750-336E-4FD7-ADEC-B1711EB21548}.Debug|x86.Build.0 = Debug|Any CPU
		{1128C750-336E-4FD7-ADEC-B1711EB21548}.Release|Any CPU.ActiveCfg = Release|Any CPU
		{1128C750-336E-4FD7-ADEC-B1711EB21548}.Release|Any CPU.Build.0 = Release|Any CPU
		{1128C750-336E-4FD7-ADEC-B1711EB21548}.Release|arm64.ActiveCfg = Release|Any CPU
		{1128C750-336E-4FD7-ADEC-B1711EB21548}.Release|arm64.Build.0 = Release|Any CPU
		{1128C750-336E-4FD7-ADEC-B1711EB21548}.Release|x64.ActiveCfg = Release|Any CPU
		{1128C750-336E-4FD7-ADEC-B1711EB21548}.Release|x64.Build.0 = Release|Any CPU
		{1128C750-336E-4FD7-ADEC-B1711EB21548}.Release|x86.ActiveCfg = Release|Any CPU
		{1128C750-336E-4FD7-ADEC-B1711EB21548}.Release|x86.Build.0 = Release|Any CPU
		{75964E3A-A354-4E5E-8A81-ECC665BA9F97}.Debug|Any CPU.ActiveCfg = Debug|Any CPU
		{75964E3A-A354-4E5E-8A81-ECC665BA9F97}.Debug|Any CPU.Build.0 = Debug|Any CPU
		{75964E3A-A354-4E5E-8A81-ECC665BA9F97}.Debug|arm64.ActiveCfg = Debug|Any CPU
		{75964E3A-A354-4E5E-8A81-ECC665BA9F97}.Debug|arm64.Build.0 = Debug|Any CPU
		{75964E3A-A354-4E5E-8A81-ECC665BA9F97}.Debug|x64.ActiveCfg = Debug|Any CPU
		{75964E3A-A354-4E5E-8A81-ECC665BA9F97}.Debug|x64.Build.0 = Debug|Any CPU
		{75964E3A-A354-4E5E-8A81-ECC665BA9F97}.Debug|x86.ActiveCfg = Debug|Any CPU
		{75964E3A-A354-4E5E-8A81-ECC665BA9F97}.Debug|x86.Build.0 = Debug|Any CPU
		{75964E3A-A354-4E5E-8A81-ECC665BA9F97}.Release|Any CPU.ActiveCfg = Release|Any CPU
		{75964E3A-A354-4E5E-8A81-ECC665BA9F97}.Release|Any CPU.Build.0 = Release|Any CPU
		{75964E3A-A354-4E5E-8A81-ECC665BA9F97}.Release|arm64.ActiveCfg = Release|Any CPU
		{75964E3A-A354-4E5E-8A81-ECC665BA9F97}.Release|arm64.Build.0 = Release|Any CPU
		{75964E3A-A354-4E5E-8A81-ECC665BA9F97}.Release|x64.ActiveCfg = Release|Any CPU
		{75964E3A-A354-4E5E-8A81-ECC665BA9F97}.Release|x64.Build.0 = Release|Any CPU
		{75964E3A-A354-4E5E-8A81-ECC665BA9F97}.Release|x86.ActiveCfg = Release|Any CPU
		{75964E3A-A354-4E5E-8A81-ECC665BA9F97}.Release|x86.Build.0 = Release|Any CPU
		{C065E26D-85A4-45D6-9FE8-3947BBAA0823}.Debug|Any CPU.ActiveCfg = Debug|Any CPU
		{C065E26D-85A4-45D6-9FE8-3947BBAA0823}.Debug|Any CPU.Build.0 = Debug|Any CPU
		{C065E26D-85A4-45D6-9FE8-3947BBAA0823}.Debug|Any CPU.Deploy.0 = Debug|Any CPU
		{C065E26D-85A4-45D6-9FE8-3947BBAA0823}.Debug|arm64.ActiveCfg = Debug|Any CPU
		{C065E26D-85A4-45D6-9FE8-3947BBAA0823}.Debug|arm64.Build.0 = Debug|Any CPU
		{C065E26D-85A4-45D6-9FE8-3947BBAA0823}.Debug|arm64.Deploy.0 = Debug|Any CPU
		{C065E26D-85A4-45D6-9FE8-3947BBAA0823}.Debug|x64.ActiveCfg = Debug|Any CPU
		{C065E26D-85A4-45D6-9FE8-3947BBAA0823}.Debug|x64.Build.0 = Debug|Any CPU
		{C065E26D-85A4-45D6-9FE8-3947BBAA0823}.Debug|x64.Deploy.0 = Debug|Any CPU
		{C065E26D-85A4-45D6-9FE8-3947BBAA0823}.Debug|x86.ActiveCfg = Debug|Any CPU
		{C065E26D-85A4-45D6-9FE8-3947BBAA0823}.Debug|x86.Build.0 = Debug|Any CPU
		{C065E26D-85A4-45D6-9FE8-3947BBAA0823}.Debug|x86.Deploy.0 = Debug|Any CPU
		{C065E26D-85A4-45D6-9FE8-3947BBAA0823}.Release|Any CPU.ActiveCfg = Release|Any CPU
		{C065E26D-85A4-45D6-9FE8-3947BBAA0823}.Release|Any CPU.Build.0 = Release|Any CPU
		{C065E26D-85A4-45D6-9FE8-3947BBAA0823}.Release|Any CPU.Deploy.0 = Release|Any CPU
		{C065E26D-85A4-45D6-9FE8-3947BBAA0823}.Release|arm64.ActiveCfg = Release|Any CPU
		{C065E26D-85A4-45D6-9FE8-3947BBAA0823}.Release|arm64.Build.0 = Release|Any CPU
		{C065E26D-85A4-45D6-9FE8-3947BBAA0823}.Release|arm64.Deploy.0 = Release|Any CPU
		{C065E26D-85A4-45D6-9FE8-3947BBAA0823}.Release|x64.ActiveCfg = Release|Any CPU
		{C065E26D-85A4-45D6-9FE8-3947BBAA0823}.Release|x64.Build.0 = Release|Any CPU
		{C065E26D-85A4-45D6-9FE8-3947BBAA0823}.Release|x64.Deploy.0 = Release|Any CPU
		{C065E26D-85A4-45D6-9FE8-3947BBAA0823}.Release|x86.ActiveCfg = Release|Any CPU
		{C065E26D-85A4-45D6-9FE8-3947BBAA0823}.Release|x86.Build.0 = Release|Any CPU
		{C065E26D-85A4-45D6-9FE8-3947BBAA0823}.Release|x86.Deploy.0 = Release|Any CPU
		{9CFCEBB2-FE87-471A-84DE-BAD522D7F44F}.Debug|Any CPU.ActiveCfg = Debug|x64
		{9CFCEBB2-FE87-471A-84DE-BAD522D7F44F}.Debug|Any CPU.Build.0 = Debug|x64
		{9CFCEBB2-FE87-471A-84DE-BAD522D7F44F}.Debug|Any CPU.Deploy.0 = Debug|x64
		{9CFCEBB2-FE87-471A-84DE-BAD522D7F44F}.Debug|arm64.ActiveCfg = Debug|arm64
		{9CFCEBB2-FE87-471A-84DE-BAD522D7F44F}.Debug|arm64.Build.0 = Debug|arm64
		{9CFCEBB2-FE87-471A-84DE-BAD522D7F44F}.Debug|arm64.Deploy.0 = Debug|arm64
		{9CFCEBB2-FE87-471A-84DE-BAD522D7F44F}.Debug|x64.ActiveCfg = Debug|x64
		{9CFCEBB2-FE87-471A-84DE-BAD522D7F44F}.Debug|x64.Build.0 = Debug|x64
		{9CFCEBB2-FE87-471A-84DE-BAD522D7F44F}.Debug|x64.Deploy.0 = Debug|x64
		{9CFCEBB2-FE87-471A-84DE-BAD522D7F44F}.Debug|x86.ActiveCfg = Debug|x86
		{9CFCEBB2-FE87-471A-84DE-BAD522D7F44F}.Debug|x86.Build.0 = Debug|x86
		{9CFCEBB2-FE87-471A-84DE-BAD522D7F44F}.Debug|x86.Deploy.0 = Debug|x86
		{9CFCEBB2-FE87-471A-84DE-BAD522D7F44F}.Release|Any CPU.ActiveCfg = Release|x64
		{9CFCEBB2-FE87-471A-84DE-BAD522D7F44F}.Release|Any CPU.Build.0 = Release|x64
		{9CFCEBB2-FE87-471A-84DE-BAD522D7F44F}.Release|Any CPU.Deploy.0 = Release|x64
		{9CFCEBB2-FE87-471A-84DE-BAD522D7F44F}.Release|arm64.ActiveCfg = Release|arm64
		{9CFCEBB2-FE87-471A-84DE-BAD522D7F44F}.Release|arm64.Build.0 = Release|arm64
		{9CFCEBB2-FE87-471A-84DE-BAD522D7F44F}.Release|arm64.Deploy.0 = Release|arm64
		{9CFCEBB2-FE87-471A-84DE-BAD522D7F44F}.Release|x64.ActiveCfg = Release|x64
		{9CFCEBB2-FE87-471A-84DE-BAD522D7F44F}.Release|x64.Build.0 = Release|x64
		{9CFCEBB2-FE87-471A-84DE-BAD522D7F44F}.Release|x64.Deploy.0 = Release|x64
		{9CFCEBB2-FE87-471A-84DE-BAD522D7F44F}.Release|x86.ActiveCfg = Release|x86
		{9CFCEBB2-FE87-471A-84DE-BAD522D7F44F}.Release|x86.Build.0 = Release|x86
		{9CFCEBB2-FE87-471A-84DE-BAD522D7F44F}.Release|x86.Deploy.0 = Release|x86
		{EF9252DC-63AE-46DF-9EF6-F3613296763A}.Debug|Any CPU.ActiveCfg = Debug|Any CPU
		{EF9252DC-63AE-46DF-9EF6-F3613296763A}.Debug|Any CPU.Build.0 = Debug|Any CPU
		{EF9252DC-63AE-46DF-9EF6-F3613296763A}.Debug|arm64.ActiveCfg = Debug|Any CPU
		{EF9252DC-63AE-46DF-9EF6-F3613296763A}.Debug|arm64.Build.0 = Debug|Any CPU
		{EF9252DC-63AE-46DF-9EF6-F3613296763A}.Debug|x64.ActiveCfg = Debug|Any CPU
		{EF9252DC-63AE-46DF-9EF6-F3613296763A}.Debug|x64.Build.0 = Debug|Any CPU
		{EF9252DC-63AE-46DF-9EF6-F3613296763A}.Debug|x86.ActiveCfg = Debug|Any CPU
		{EF9252DC-63AE-46DF-9EF6-F3613296763A}.Debug|x86.Build.0 = Debug|Any CPU
		{EF9252DC-63AE-46DF-9EF6-F3613296763A}.Release|Any CPU.ActiveCfg = Release|Any CPU
		{EF9252DC-63AE-46DF-9EF6-F3613296763A}.Release|Any CPU.Build.0 = Release|Any CPU
		{EF9252DC-63AE-46DF-9EF6-F3613296763A}.Release|arm64.ActiveCfg = Release|Any CPU
		{EF9252DC-63AE-46DF-9EF6-F3613296763A}.Release|arm64.Build.0 = Release|Any CPU
		{EF9252DC-63AE-46DF-9EF6-F3613296763A}.Release|x64.ActiveCfg = Release|Any CPU
		{EF9252DC-63AE-46DF-9EF6-F3613296763A}.Release|x64.Build.0 = Release|Any CPU
		{EF9252DC-63AE-46DF-9EF6-F3613296763A}.Release|x86.ActiveCfg = Release|Any CPU
		{EF9252DC-63AE-46DF-9EF6-F3613296763A}.Release|x86.Build.0 = Release|Any CPU
		{2362E06A-A372-4BE2-B90E-3C220EE960DC}.Debug|Any CPU.ActiveCfg = Debug|Any CPU
		{2362E06A-A372-4BE2-B90E-3C220EE960DC}.Debug|Any CPU.Build.0 = Debug|Any CPU
		{2362E06A-A372-4BE2-B90E-3C220EE960DC}.Debug|arm64.ActiveCfg = Debug|Any CPU
		{2362E06A-A372-4BE2-B90E-3C220EE960DC}.Debug|arm64.Build.0 = Debug|Any CPU
		{2362E06A-A372-4BE2-B90E-3C220EE960DC}.Debug|x64.ActiveCfg = Debug|Any CPU
		{2362E06A-A372-4BE2-B90E-3C220EE960DC}.Debug|x64.Build.0 = Debug|Any CPU
		{2362E06A-A372-4BE2-B90E-3C220EE960DC}.Debug|x86.ActiveCfg = Debug|Any CPU
		{2362E06A-A372-4BE2-B90E-3C220EE960DC}.Debug|x86.Build.0 = Debug|Any CPU
		{2362E06A-A372-4BE2-B90E-3C220EE960DC}.Release|Any CPU.ActiveCfg = Release|Any CPU
		{2362E06A-A372-4BE2-B90E-3C220EE960DC}.Release|Any CPU.Build.0 = Release|Any CPU
		{2362E06A-A372-4BE2-B90E-3C220EE960DC}.Release|arm64.ActiveCfg = Release|Any CPU
		{2362E06A-A372-4BE2-B90E-3C220EE960DC}.Release|arm64.Build.0 = Release|Any CPU
		{2362E06A-A372-4BE2-B90E-3C220EE960DC}.Release|x64.ActiveCfg = Release|Any CPU
		{2362E06A-A372-4BE2-B90E-3C220EE960DC}.Release|x64.Build.0 = Release|Any CPU
		{2362E06A-A372-4BE2-B90E-3C220EE960DC}.Release|x86.ActiveCfg = Release|Any CPU
		{2362E06A-A372-4BE2-B90E-3C220EE960DC}.Release|x86.Build.0 = Release|Any CPU
	EndGlobalSection
	GlobalSection(SolutionProperties) = preSolution
		HideSolutionNode = FALSE
	EndGlobalSection
	GlobalSection(NestedProjects) = preSolution
		{295F23BE-E9F7-48DF-B40F-2B3E494D1BB2} = {3696AA42-8E8E-4924-98CB-1EBFDA2767DE}
		{1128C750-336E-4FD7-ADEC-B1711EB21548} = {3696AA42-8E8E-4924-98CB-1EBFDA2767DE}
		{75964E3A-A354-4E5E-8A81-ECC665BA9F97} = {295F23BE-E9F7-48DF-B40F-2B3E494D1BB2}
		{C065E26D-85A4-45D6-9FE8-3947BBAA0823} = {295F23BE-E9F7-48DF-B40F-2B3E494D1BB2}
		{9CFCEBB2-FE87-471A-84DE-BAD522D7F44F} = {295F23BE-E9F7-48DF-B40F-2B3E494D1BB2}
		{EF9252DC-63AE-46DF-9EF6-F3613296763A} = {295F23BE-E9F7-48DF-B40F-2B3E494D1BB2}
		{2362E06A-A372-4BE2-B90E-3C220EE960DC} = {295F23BE-E9F7-48DF-B40F-2B3E494D1BB2}
	EndGlobalSection
	GlobalSection(ExtensibilityGlobals) = postSolution
		SolutionGuid = {D9286E03-E077-4FC6-A7C0-97899C4D4131}
	EndGlobalSection
EndGlobal
